
Microsoft Visual Studio Solution File, Format Version 12.00
# Visual Studio Version 16
VisualStudioVersion = 16.0.33328.57
MinimumVisualStudioVersion = 10.0.40219.1
Project("{FAE04EC0-301F-11D3-BF4B-00C04F79EFBC}") = "119. RadioButton_Nesnesi", "119. RadioButton_Nesnesi\119. RadioButton_Nesnesi.csproj", "{3204E65C-1ACE-4613-9C46-20A10767B580}"
EndProject
Global
	GlobalSection(SolutionConfigurationPlatforms) = preSolution
		Debug|Any CPU = Debug|Any CPU
		Release|Any CPU = Release|Any CPU
	EndGlobalSection
	GlobalSection(ProjectConfigurationPlatforms) = postSolution
		{3204E65C-1ACE-4613-9C46-20A10767B580}.Debug|Any CPU.ActiveCfg = Debug|Any CPU
		{3204E65C-1ACE-4613-9C46-20A10767B580}.Debug|Any CPU.Build.0 = Debug|Any CPU
		{3204E65C-1ACE-4613-9C46-20A10767B580}.Release|Any CPU.ActiveCfg = Release|Any CPU
		{3204E65C-1ACE-4613-9C46-20A10767B580}.Release|Any CPU.Build.0 = Release|Any CPU
	EndGlobalSection
	GlobalSection(SolutionProperties) = preSolution
		HideSolutionNode = FALSE
	EndGlobalSection
	GlobalSection(ExtensibilityGlobals) = postSolution
		SolutionGuid = {530B1FD5-A6B6-4F1E-9A5C-1D640E98D4C9}
	EndGlobalSection
EndGlobal
