
Microsoft Visual Studio Solution File, Format Version 12.00
# Visual Studio Version 16
VisualStudioVersion = 16.0.33328.57
MinimumVisualStudioVersion = 10.0.40219.1
Project("{FAE04EC0-301F-11D3-BF4B-00C04F79EFBC}") = "133. ProgressBar", "133. ProgressBar\133. ProgressBar.csproj", "{D25A379F-BB68-4BA0-A73F-70DBABD098AB}"
EndProject
Global
	GlobalSection(SolutionConfigurationPlatforms) = preSolution
		Debug|Any CPU = Debug|Any CPU
		Release|Any CPU = Release|Any CPU
	EndGlobalSection
	GlobalSection(ProjectConfigurationPlatforms) = postSolution
		{D25A379F-BB68-4BA0-A73F-70DBABD098AB}.Debug|Any CPU.ActiveCfg = Debug|Any CPU
		{D25A379F-BB68-4BA0-A73F-70DBABD098AB}.Debug|Any CPU.Build.0 = Debug|Any CPU
		{D25A379F-BB68-4BA0-A73F-70DBABD098AB}.Release|Any CPU.ActiveCfg = Release|Any CPU
		{D25A379F-BB68-4BA0-A73F-70DBABD098AB}.Release|Any CPU.Build.0 = Release|Any CPU
	EndGlobalSection
	GlobalSection(SolutionProperties) = preSolution
		HideSolutionNode = FALSE
	EndGlobalSection
	GlobalSection(ExtensibilityGlobals) = postSolution
		SolutionGuid = {3B7A6BA9-5660-420E-B180-67F110789848}
	EndGlobalSection
EndGlobal
