
Microsoft Visual Studio Solution File, Format Version 12.00
# Visual Studio Version 17
VisualStudioVersion = 17.4.33122.133
MinimumVisualStudioVersion = 10.0.40219.1
Project("{FAE04EC0-301F-11D3-BF4B-00C04F79EFBC}") = "Arac_kullanimlari", "Arac_kullanimlari\Arac_kullanimlari.csproj", "{4CFC9498-D93C-4554-AE7C-D3B98C242905}"
EndProject
Global
	GlobalSection(SolutionConfigurationPlatforms) = preSolution
		Debug|Any CPU = Debug|Any CPU
		Release|Any CPU = Release|Any CPU
	EndGlobalSection
	GlobalSection(ProjectConfigurationPlatforms) = postSolution
		{4CFC9498-D93C-4554-AE7C-D3B98C242905}.Debug|Any CPU.ActiveCfg = Debug|Any CPU
		{4CFC9498-D93C-4554-AE7C-D3B98C242905}.Debug|Any CPU.Build.0 = Debug|Any CPU
		{4CFC9498-D93C-4554-AE7C-D3B98C242905}.Release|Any CPU.ActiveCfg = Release|Any CPU
		{4CFC9498-D93C-4554-AE7C-D3B98C242905}.Release|Any CPU.Build.0 = Release|Any CPU
	EndGlobalSection
	GlobalSection(SolutionProperties) = preSolution
		HideSolutionNode = FALSE
	EndGlobalSection
	GlobalSection(ExtensibilityGlobals) = postSolution
		SolutionGuid = {1C2922DF-EBA1-4AAA-A2AD-12D14F25C783}
	EndGlobalSection
EndGlobal
