
Microsoft Visual Studio Solution File, Format Version 12.00
# Visual Studio Version 17
VisualStudioVersion = 17.4.33122.133
MinimumVisualStudioVersion = 10.0.40219.1
Project("{FAE04EC0-301F-11D3-BF4B-00C04F79EFBC}") = "Vize_Final_Ortalama_Projesi", "Vize_Final_Ortalama_Projesi\Vize_Final_Ortalama_Projesi.csproj", "{3C97FD00-4E9C-4466-B819-57A9E343A185}"
EndProject
Global
	GlobalSection(SolutionConfigurationPlatforms) = preSolution
		Debug|Any CPU = Debug|Any CPU
		Release|Any CPU = Release|Any CPU
	EndGlobalSection
	GlobalSection(ProjectConfigurationPlatforms) = postSolution
		{3C97FD00-4E9C-4466-B819-57A9E343A185}.Debug|Any CPU.ActiveCfg = Debug|Any CPU
		{3C97FD00-4E9C-4466-B819-57A9E343A185}.Debug|Any CPU.Build.0 = Debug|Any CPU
		{3C97FD00-4E9C-4466-B819-57A9E343A185}.Release|Any CPU.ActiveCfg = Release|Any CPU
		{3C97FD00-4E9C-4466-B819-57A9E343A185}.Release|Any CPU.Build.0 = Release|Any CPU
	EndGlobalSection
	GlobalSection(SolutionProperties) = preSolution
		HideSolutionNode = FALSE
	EndGlobalSection
	GlobalSection(ExtensibilityGlobals) = postSolution
		SolutionGuid = {24703DBA-2B3B-4DDD-8719-1413C8F8D35C}
	EndGlobalSection
EndGlobal
