
Microsoft Visual Studio Solution File, Format Version 12.00
# Visual Studio Version 17
VisualStudioVersion = 17.4.33122.133
MinimumVisualStudioVersion = 10.0.40219.1
Project("{FAE04EC0-301F-11D3-BF4B-00C04F79EFBC}") = "15. Ders Int Örnek Proje", "15. Ders Int Örnek Proje\15. Ders Int Örnek Proje.csproj", "{918651F1-6A31-44CE-8EC9-1A426BB092B7}"
EndProject
Global
	GlobalSection(SolutionConfigurationPlatforms) = preSolution
		Debug|Any CPU = Debug|Any CPU
		Release|Any CPU = Release|Any CPU
	EndGlobalSection
	GlobalSection(ProjectConfigurationPlatforms) = postSolution
		{918651F1-6A31-44CE-8EC9-1A426BB092B7}.Debug|Any CPU.ActiveCfg = Debug|Any CPU
		{918651F1-6A31-44CE-8EC9-1A426BB092B7}.Debug|Any CPU.Build.0 = Debug|Any CPU
		{918651F1-6A31-44CE-8EC9-1A426BB092B7}.Release|Any CPU.ActiveCfg = Release|Any CPU
		{918651F1-6A31-44CE-8EC9-1A426BB092B7}.Release|Any CPU.Build.0 = Release|Any CPU
	EndGlobalSection
	GlobalSection(SolutionProperties) = preSolution
		HideSolutionNode = FALSE
	EndGlobalSection
	GlobalSection(ExtensibilityGlobals) = postSolution
		SolutionGuid = {2DF10BD8-6BBD-4E82-B9C7-89A78D41B522}
	EndGlobalSection
EndGlobal
