
Microsoft Visual Studio Solution File, Format Version 12.00
# Visual Studio Version 17
VisualStudioVersion = 17.4.33122.133
MinimumVisualStudioVersion = 10.0.40219.1
Project("{FAE04EC0-301F-11D3-BF4B-00C04F79EFBC}") = "Not_Ortalama_Hesaplama_Projesi", "Not_Ortalama_Hesaplama_Projesi\Not_Ortalama_Hesaplama_Projesi.csproj", "{CA35323A-6C1F-4BC5-B93E-62B1F49621E8}"
EndProject
Global
	GlobalSection(SolutionConfigurationPlatforms) = preSolution
		Debug|Any CPU = Debug|Any CPU
		Release|Any CPU = Release|Any CPU
	EndGlobalSection
	GlobalSection(ProjectConfigurationPlatforms) = postSolution
		{CA35323A-6C1F-4BC5-B93E-62B1F49621E8}.Debug|Any CPU.ActiveCfg = Debug|Any CPU
		{CA35323A-6C1F-4BC5-B93E-62B1F49621E8}.Debug|Any CPU.Build.0 = Debug|Any CPU
		{CA35323A-6C1F-4BC5-B93E-62B1F49621E8}.Release|Any CPU.ActiveCfg = Release|Any CPU
		{CA35323A-6C1F-4BC5-B93E-62B1F49621E8}.Release|Any CPU.Build.0 = Release|Any CPU
	EndGlobalSection
	GlobalSection(SolutionProperties) = preSolution
		HideSolutionNode = FALSE
	EndGlobalSection
	GlobalSection(ExtensibilityGlobals) = postSolution
		SolutionGuid = {8E18A1C7-D317-4307-B291-0FEEA58E6089}
	EndGlobalSection
EndGlobal
