
Microsoft Visual Studio Solution File, Format Version 12.00
# Visual Studio Version 16
VisualStudioVersion = 16.0.33328.57
MinimumVisualStudioVersion = 10.0.40219.1
Project("{FAE04EC0-301F-11D3-BF4B-00C04F79EFBC}") = "124. GroupBox_Kullanimi", "124. GroupBox_Kullanimi\124. GroupBox_Kullanimi.csproj", "{E648992E-3062-425F-B6D0-BE740063A0E9}"
EndProject
Global
	GlobalSection(SolutionConfigurationPlatforms) = preSolution
		Debug|Any CPU = Debug|Any CPU
		Release|Any CPU = Release|Any CPU
	EndGlobalSection
	GlobalSection(ProjectConfigurationPlatforms) = postSolution
		{E648992E-3062-425F-B6D0-BE740063A0E9}.Debug|Any CPU.ActiveCfg = Debug|Any CPU
		{E648992E-3062-425F-B6D0-BE740063A0E9}.Debug|Any CPU.Build.0 = Debug|Any CPU
		{E648992E-3062-425F-B6D0-BE740063A0E9}.Release|Any CPU.ActiveCfg = Release|Any CPU
		{E648992E-3062-425F-B6D0-BE740063A0E9}.Release|Any CPU.Build.0 = Release|Any CPU
	EndGlobalSection
	GlobalSection(SolutionProperties) = preSolution
		HideSolutionNode = FALSE
	EndGlobalSection
	GlobalSection(ExtensibilityGlobals) = postSolution
		SolutionGuid = {F9F1EF77-9A2E-428C-87C9-353B0DAADA86}
	EndGlobalSection
EndGlobal
