
Microsoft Visual Studio Solution File, Format Version 12.00
# Visual Studio Version 17
VisualStudioVersion = 17.4.33122.133
MinimumVisualStudioVersion = 10.0.40219.1
Project("{FAE04EC0-301F-11D3-BF4B-00C04F79EFBC}") = "14. Ders Int Değişken Klavyeden Veri Girişi", "14. Ders Int Değişken Klavyeden Veri Girişi\14. Ders Int Değişken Klavyeden Veri Girişi.csproj", "{D339FFF2-A484-41F5-B880-301AEA7A0384}"
EndProject
Global
	GlobalSection(SolutionConfigurationPlatforms) = preSolution
		Debug|Any CPU = Debug|Any CPU
		Release|Any CPU = Release|Any CPU
	EndGlobalSection
	GlobalSection(ProjectConfigurationPlatforms) = postSolution
		{D339FFF2-A484-41F5-B880-301AEA7A0384}.Debug|Any CPU.ActiveCfg = Debug|Any CPU
		{D339FFF2-A484-41F5-B880-301AEA7A0384}.Debug|Any CPU.Build.0 = Debug|Any CPU
		{D339FFF2-A484-41F5-B880-301AEA7A0384}.Release|Any CPU.ActiveCfg = Release|Any CPU
		{D339FFF2-A484-41F5-B880-301AEA7A0384}.Release|Any CPU.Build.0 = Release|Any CPU
	EndGlobalSection
	GlobalSection(SolutionProperties) = preSolution
		HideSolutionNode = FALSE
	EndGlobalSection
	GlobalSection(ExtensibilityGlobals) = postSolution
		SolutionGuid = {BFBF96A5-FE2B-41E3-9974-40B54C8334D3}
	EndGlobalSection
EndGlobal
