
Microsoft Visual Studio Solution File, Format Version 12.00
# Visual Studio Version 17
VisualStudioVersion = 17.4.33122.133
MinimumVisualStudioVersion = 10.0.40219.1
Project("{FAE04EC0-301F-11D3-BF4B-00C04F79EFBC}") = "8. Ders Chechbox, Radiobutton, Richtextbox", "8. Ders Chechbox, Radiobutton, Richtextbox\8. Ders Chechbox, Radiobutton, Richtextbox.csproj", "{5245C06D-E123-4CC4-976C-1CEABEB18128}"
EndProject
Global
	GlobalSection(SolutionConfigurationPlatforms) = preSolution
		Debug|Any CPU = Debug|Any CPU
		Release|Any CPU = Release|Any CPU
	EndGlobalSection
	GlobalSection(ProjectConfigurationPlatforms) = postSolution
		{5245C06D-E123-4CC4-976C-1CEABEB18128}.Debug|Any CPU.ActiveCfg = Debug|Any CPU
		{5245C06D-E123-4CC4-976C-1CEABEB18128}.Debug|Any CPU.Build.0 = Debug|Any CPU
		{5245C06D-E123-4CC4-976C-1CEABEB18128}.Release|Any CPU.ActiveCfg = Release|Any CPU
		{5245C06D-E123-4CC4-976C-1CEABEB18128}.Release|Any CPU.Build.0 = Release|Any CPU
	EndGlobalSection
	GlobalSection(SolutionProperties) = preSolution
		HideSolutionNode = FALSE
	EndGlobalSection
	GlobalSection(ExtensibilityGlobals) = postSolution
		SolutionGuid = {A9C934C6-2E61-4B37-AE39-65917E95A211}
	EndGlobalSection
EndGlobal
