
Microsoft Visual Studio Solution File, Format Version 12.00
# Visual Studio Version 16
VisualStudioVersion = 16.0.33328.57
MinimumVisualStudioVersion = 10.0.40219.1
Project("{FAE04EC0-301F-11D3-BF4B-00C04F79EFBC}") = "122. PictureBox_Kullanimi", "122. PictureBox_Kullanimi\122. PictureBox_Kullanimi.csproj", "{6DF5B56C-DC71-41B0-B0A5-5C81E87FB7B6}"
EndProject
Global
	GlobalSection(SolutionConfigurationPlatforms) = preSolution
		Debug|Any CPU = Debug|Any CPU
		Release|Any CPU = Release|Any CPU
	EndGlobalSection
	GlobalSection(ProjectConfigurationPlatforms) = postSolution
		{6DF5B56C-DC71-41B0-B0A5-5C81E87FB7B6}.Debug|Any CPU.ActiveCfg = Debug|Any CPU
		{6DF5B56C-DC71-41B0-B0A5-5C81E87FB7B6}.Debug|Any CPU.Build.0 = Debug|Any CPU
		{6DF5B56C-DC71-41B0-B0A5-5C81E87FB7B6}.Release|Any CPU.ActiveCfg = Release|Any CPU
		{6DF5B56C-DC71-41B0-B0A5-5C81E87FB7B6}.Release|Any CPU.Build.0 = Release|Any CPU
	EndGlobalSection
	GlobalSection(SolutionProperties) = preSolution
		HideSolutionNode = FALSE
	EndGlobalSection
	GlobalSection(ExtensibilityGlobals) = postSolution
		SolutionGuid = {D268DD16-EE47-4490-972F-F8DABE465FE1}
	EndGlobalSection
EndGlobal
