
Microsoft Visual Studio Solution File, Format Version 12.00
# Visual Studio Version 17
VisualStudioVersion = 17.4.33122.133
MinimumVisualStudioVersion = 10.0.40219.1
Project("{FAE04EC0-301F-11D3-BF4B-00C04F79EFBC}") = "17. Proje Ürün KDV Hesaplama", "17. Proje Ürün KDV Hesaplama\17. Proje Ürün KDV Hesaplama.csproj", "{2D3C489B-61F7-4CCE-B002-3C25DD3E3F72}"
EndProject
Global
	GlobalSection(SolutionConfigurationPlatforms) = preSolution
		Debug|Any CPU = Debug|Any CPU
		Release|Any CPU = Release|Any CPU
	EndGlobalSection
	GlobalSection(ProjectConfigurationPlatforms) = postSolution
		{2D3C489B-61F7-4CCE-B002-3C25DD3E3F72}.Debug|Any CPU.ActiveCfg = Debug|Any CPU
		{2D3C489B-61F7-4CCE-B002-3C25DD3E3F72}.Debug|Any CPU.Build.0 = Debug|Any CPU
		{2D3C489B-61F7-4CCE-B002-3C25DD3E3F72}.Release|Any CPU.ActiveCfg = Release|Any CPU
		{2D3C489B-61F7-4CCE-B002-3C25DD3E3F72}.Release|Any CPU.Build.0 = Release|Any CPU
	EndGlobalSection
	GlobalSection(SolutionProperties) = preSolution
		HideSolutionNode = FALSE
	EndGlobalSection
	GlobalSection(ExtensibilityGlobals) = postSolution
		SolutionGuid = {CB48CBBF-390C-43C1-890C-185BA7579F61}
	EndGlobalSection
EndGlobal
