
Microsoft Visual Studio Solution File, Format Version 12.00
# Visual Studio Version 17
VisualStudioVersion = 17.4.33122.133
MinimumVisualStudioVersion = 10.0.40219.1
Project("{FAE04EC0-301F-11D3-BF4B-00C04F79EFBC}") = "13. Ders Int Değişken", "13. Ders Int Değişken\13. Ders Int Değişken.csproj", "{612C8768-FFC6-4E92-84E6-B9C18D75E5FB}"
EndProject
Global
	GlobalSection(SolutionConfigurationPlatforms) = preSolution
		Debug|Any CPU = Debug|Any CPU
		Release|Any CPU = Release|Any CPU
	EndGlobalSection
	GlobalSection(ProjectConfigurationPlatforms) = postSolution
		{612C8768-FFC6-4E92-84E6-B9C18D75E5FB}.Debug|Any CPU.ActiveCfg = Debug|Any CPU
		{612C8768-FFC6-4E92-84E6-B9C18D75E5FB}.Debug|Any CPU.Build.0 = Debug|Any CPU
		{612C8768-FFC6-4E92-84E6-B9C18D75E5FB}.Release|Any CPU.ActiveCfg = Release|Any CPU
		{612C8768-FFC6-4E92-84E6-B9C18D75E5FB}.Release|Any CPU.Build.0 = Release|Any CPU
	EndGlobalSection
	GlobalSection(SolutionProperties) = preSolution
		HideSolutionNode = FALSE
	EndGlobalSection
	GlobalSection(ExtensibilityGlobals) = postSolution
		SolutionGuid = {A9B56FC6-117D-45A3-9BEB-EB8F44265B39}
	EndGlobalSection
EndGlobal
