
Microsoft Visual Studio Solution File, Format Version 12.00
# Visual Studio Version 17
VisualStudioVersion = 17.4.33122.133
MinimumVisualStudioVersion = 10.0.40219.1
Project("{FAE04EC0-301F-11D3-BF4B-00C04F79EFBC}") = "6. Ders Combobox Listbox", "6. Ders Combobox Listbox\6. Ders Combobox Listbox.csproj", "{7DED1855-E9E9-43F8-A48D-1654509F7E54}"
EndProject
Global
	GlobalSection(SolutionConfigurationPlatforms) = preSolution
		Debug|Any CPU = Debug|Any CPU
		Release|Any CPU = Release|Any CPU
	EndGlobalSection
	GlobalSection(ProjectConfigurationPlatforms) = postSolution
		{7DED1855-E9E9-43F8-A48D-1654509F7E54}.Debug|Any CPU.ActiveCfg = Debug|Any CPU
		{7DED1855-E9E9-43F8-A48D-1654509F7E54}.Debug|Any CPU.Build.0 = Debug|Any CPU
		{7DED1855-E9E9-43F8-A48D-1654509F7E54}.Release|Any CPU.ActiveCfg = Release|Any CPU
		{7DED1855-E9E9-43F8-A48D-1654509F7E54}.Release|Any CPU.Build.0 = Release|Any CPU
	EndGlobalSection
	GlobalSection(SolutionProperties) = preSolution
		HideSolutionNode = FALSE
	EndGlobalSection
	GlobalSection(ExtensibilityGlobals) = postSolution
		SolutionGuid = {4990CA6D-FBEB-4B8C-895B-858BD5392F50}
	EndGlobalSection
EndGlobal
