
Microsoft Visual Studio Solution File, Format Version 12.00
# Visual Studio Version 16
VisualStudioVersion = 16.0.33328.57
MinimumVisualStudioVersion = 10.0.40219.1
Project("{FAE04EC0-301F-11D3-BF4B-00C04F79EFBC}") = "121. TabControl_Nesnesi", "121. TabControl_Nesnesi\121. TabControl_Nesnesi.csproj", "{3693BAA5-3E37-46ED-9942-7321552B881C}"
EndProject
Global
	GlobalSection(SolutionConfigurationPlatforms) = preSolution
		Debug|Any CPU = Debug|Any CPU
		Release|Any CPU = Release|Any CPU
	EndGlobalSection
	GlobalSection(ProjectConfigurationPlatforms) = postSolution
		{3693BAA5-3E37-46ED-9942-7321552B881C}.Debug|Any CPU.ActiveCfg = Debug|Any CPU
		{3693BAA5-3E37-46ED-9942-7321552B881C}.Debug|Any CPU.Build.0 = Debug|Any CPU
		{3693BAA5-3E37-46ED-9942-7321552B881C}.Release|Any CPU.ActiveCfg = Release|Any CPU
		{3693BAA5-3E37-46ED-9942-7321552B881C}.Release|Any CPU.Build.0 = Release|Any CPU
	EndGlobalSection
	GlobalSection(SolutionProperties) = preSolution
		HideSolutionNode = FALSE
	EndGlobalSection
	GlobalSection(ExtensibilityGlobals) = postSolution
		SolutionGuid = {53926913-5395-4C3A-AB5F-03138D820EBE}
	EndGlobalSection
EndGlobal
