
Microsoft Visual Studio Solution File, Format Version 12.00
# Visual Studio Version 16
VisualStudioVersion = 16.0.33328.57
MinimumVisualStudioVersion = 10.0.40219.1
Project("{FAE04EC0-301F-11D3-BF4B-00C04F79EFBC}") = "123. Coklu_Formda_Calisma", "123. Coklu_Formda_Calisma\123. Coklu_Formda_Calisma.csproj", "{354801A6-2217-4C1C-8819-9B8480FC6985}"
EndProject
Global
	GlobalSection(SolutionConfigurationPlatforms) = preSolution
		Debug|Any CPU = Debug|Any CPU
		Release|Any CPU = Release|Any CPU
	EndGlobalSection
	GlobalSection(ProjectConfigurationPlatforms) = postSolution
		{354801A6-2217-4C1C-8819-9B8480FC6985}.Debug|Any CPU.ActiveCfg = Debug|Any CPU
		{354801A6-2217-4C1C-8819-9B8480FC6985}.Debug|Any CPU.Build.0 = Debug|Any CPU
		{354801A6-2217-4C1C-8819-9B8480FC6985}.Release|Any CPU.ActiveCfg = Release|Any CPU
		{354801A6-2217-4C1C-8819-9B8480FC6985}.Release|Any CPU.Build.0 = Release|Any CPU
	EndGlobalSection
	GlobalSection(SolutionProperties) = preSolution
		HideSolutionNode = FALSE
	EndGlobalSection
	GlobalSection(ExtensibilityGlobals) = postSolution
		SolutionGuid = {E43A8F5F-2D74-4B8F-94AD-9698552027EE}
	EndGlobalSection
EndGlobal
